version: 6
environments:
  default:
    channels:
    - url: https://conda.anaconda.org/conda-forge/
    - url: https://repo.anaconda.com/pkgs/main/
    - url: https://repo.anaconda.com/pkgs/r/
    packages:
      linux-64:
      - conda: https://conda.anaconda.org/conda-forge/linux-64/_openmp_mutex-4.5-20_gnu.conda
      - conda: https://conda.anaconda.org/conda-forge/linux-64/boost-1.72.0-py38h1e42940_1.tar.bz2
      - conda: https://conda.anaconda.org/conda-forge/linux-64/boost-cpp-1.72.0-h312852a_5.tar.bz2
      - conda: https://conda.anaconda.org/conda-forge/linux-64/bzip2-1.0.8-hda65f42_9.conda
      - conda: https://conda.anaconda.org/conda-forge/noarch/ca-certificates-2026.1.4-hbd8a1cb_0.conda
      - conda: https://conda.anaconda.org/conda-forge/linux-64/cairo-1.16.0-h6cf1ce9_1008.tar.bz2
      - conda: https://conda.anaconda.org/conda-forge/linux-64/expat-2.7.4-hecca717_0.conda
      - conda: https://conda.anaconda.org/conda-forge/linux-64/fontconfig-2.14.2-h14ed4e7_0.conda
      - conda: https://conda.anaconda.org/conda-forge/linux-64/freetype-2.12.1-h267a509_2.conda
      - conda: https://conda.anaconda.org/conda-forge/linux-64/icu-68.2-h9c3ff4c_0.tar.bz2
      - conda: https://conda.anaconda.org/conda-forge/linux-64/lcms2-2.16-hb7c19ff_0.conda
      - conda: https://conda.anaconda.org/conda-forge/linux-64/ld_impl_linux-64-2.45.1-bootstrap_ha15bf96_1.conda
      - conda: https://conda.anaconda.org/conda-forge/linux-64/lerc-4.0.0-h0aef613_1.conda
      - conda: https://conda.anaconda.org/conda-forge/linux-64/libblas-3.11.0-5_h4a7cf45_openblas.conda
      - conda: https://conda.anaconda.org/conda-forge/linux-64/libcblas-3.11.0-5_h0358290_openblas.conda
      - conda: https://conda.anaconda.org/conda-forge/linux-64/libdeflate-1.20-hd590300_0.conda
      - conda: https://conda.anaconda.org/conda-forge/linux-64/libexpat-2.7.4-hecca717_0.conda
      - conda: https://conda.anaconda.org/conda-forge/linux-64/libffi-3.5.2-h3435931_0.conda
      - conda: https://conda.anaconda.org/conda-forge/linux-64/libgcc-15.2.0-he0feb66_18.conda
      - conda: https://conda.anaconda.org/conda-forge/linux-64/libgcc-ng-15.2.0-h69a702a_18.conda
      - conda: https://conda.anaconda.org/conda-forge/linux-64/libgfortran-15.2.0-h69a702a_18.conda
      - conda: https://conda.anaconda.org/conda-forge/linux-64/libgfortran5-15.2.0-h68bc16d_18.conda
      - conda: https://conda.anaconda.org/conda-forge/linux-64/libglib-2.80.2-hf974151_0.conda
      - conda: https://conda.anaconda.org/conda-forge/linux-64/libgomp-15.2.0-he0feb66_18.conda
      - conda: https://conda.anaconda.org/conda-forge/linux-64/libiconv-1.18-h3b78370_2.conda
      - conda: https://conda.anaconda.org/conda-forge/linux-64/libjpeg-turbo-3.1.2-hb03c661_0.conda
      - conda: https://conda.anaconda.org/conda-forge/linux-64/liblapack-3.11.0-5_h47877c9_openblas.conda
      - conda: https://conda.anaconda.org/conda-forge/linux-64/liblzma-5.8.2-hb03c661_0.conda
      - conda: https://conda.anaconda.org/conda-forge/linux-64/liblzma-devel-5.8.2-hb03c661_0.conda
      - conda: https://conda.anaconda.org/conda-forge/linux-64/libnsl-2.0.1-hb9d3cd8_1.conda
      - conda: https://conda.anaconda.org/conda-forge/linux-64/libopenblas-0.3.30-pthreads_h94d23a6_4.conda
      - conda: https://conda.anaconda.org/conda-forge/linux-64/libpng-1.6.43-h2797004_0.conda
      - conda: https://conda.anaconda.org/conda-forge/linux-64/libsqlite-3.46.0-hde9e2c9_0.conda
      - conda: https://conda.anaconda.org/conda-forge/linux-64/libstdcxx-15.2.0-h934c35e_18.conda
      - conda: https://conda.anaconda.org/conda-forge/linux-64/libstdcxx-ng-15.2.0-hdf11a46_18.conda
      - conda: https://conda.anaconda.org/conda-forge/linux-64/libtiff-4.6.0-h1dd3fc0_3.conda
      - conda: https://conda.anaconda.org/conda-forge/linux-64/libuuid-2.41.3-h5347b49_0.conda
      - conda: https://conda.anaconda.org/conda-forge/linux-64/libwebp-base-1.6.0-hd42ef1d_0.conda
      - conda: https://conda.anaconda.org/conda-forge/linux-64/libxcb-1.15-h0b41bf4_0.conda
      - conda: https://conda.anaconda.org/conda-forge/linux-64/libxcrypt-4.4.36-hd590300_1.conda
      - conda: https://conda.anaconda.org/conda-forge/linux-64/libzlib-1.2.13-h4ab18f5_6.conda
      - conda: https://conda.anaconda.org/conda-forge/linux-64/ncurses-6.5-h2d0b736_3.conda
      - conda: https://conda.anaconda.org/conda-forge/linux-64/numpy-1.21.6-py38h1d589f8_0.tar.bz2
      - conda: https://conda.anaconda.org/conda-forge/linux-64/openjpeg-2.5.2-h488ebb8_0.conda
      - conda: https://conda.anaconda.org/conda-forge/linux-64/openssl-3.6.1-h35e630c_1.conda
      - conda: https://conda.anaconda.org/conda-forge/linux-64/pandas-2.0.3-py38h01efb38_1.conda
      - conda: https://conda.anaconda.org/conda-forge/linux-64/pcre2-10.43-hcad00b1_0.conda
      - conda: https://conda.anaconda.org/conda-forge/linux-64/pillow-10.3.0-py38h9e66945_0.conda
      - conda: https://conda.anaconda.org/conda-forge/noarch/pip-24.3.1-pyh8b19718_0.conda
      - conda: https://conda.anaconda.org/conda-forge/linux-64/pixman-0.46.4-h54a6638_1.conda
      - conda: https://conda.anaconda.org/conda-forge/linux-64/pthread-stubs-0.4-hb9d3cd8_1002.conda
      - conda: https://conda.anaconda.org/conda-forge/linux-64/pycairo-1.25.0-py38h1a1917b_1.conda
      - conda: https://conda.anaconda.org/conda-forge/linux-64/python-3.8.19-hd12c33a_0_cpython.conda
      - conda: https://conda.anaconda.org/conda-forge/noarch/python-dateutil-2.9.0-pyhd8ed1ab_0.conda
      - conda: https://conda.anaconda.org/conda-forge/noarch/python-tzdata-2024.2-pyhd8ed1ab_0.conda
      - conda: https://conda.anaconda.org/conda-forge/noarch/python_abi-3.8-8_cp38.conda
      - conda: https://conda.anaconda.org/conda-forge/noarch/pytz-2024.2-pyhd8ed1ab_0.conda
      - conda: https://conda.anaconda.org/conda-forge/linux-64/rdkit-2020.03.2-py38h10dae1c_0.tar.bz2
      - conda: https://conda.anaconda.org/conda-forge/linux-64/readline-8.3-h853b02a_0.conda
      - conda: https://conda.anaconda.org/conda-forge/noarch/setuptools-75.3.0-pyhd8ed1ab_0.conda
      - conda: https://conda.anaconda.org/conda-forge/noarch/six-1.16.0-pyh6c4a22f_0.tar.bz2
      - conda: https://conda.anaconda.org/conda-forge/linux-64/tk-8.6.13-noxft_h4845f30_101.conda
      - conda: https://conda.anaconda.org/conda-forge/noarch/wheel-0.45.1-pyhd8ed1ab_0.conda
      - conda: https://conda.anaconda.org/conda-forge/linux-64/xorg-kbproto-1.0.7-hb9d3cd8_1003.conda
      - conda: https://conda.anaconda.org/conda-forge/linux-64/xorg-libice-1.1.2-hb9d3cd8_0.conda
      - conda: https://conda.anaconda.org/conda-forge/linux-64/xorg-libsm-1.2.6-he73a12e_0.conda
      - conda: https://conda.anaconda.org/conda-forge/linux-64/xorg-libx11-1.8.9-h8ee46fc_0.conda
      - conda: https://conda.anaconda.org/conda-forge/linux-64/xorg-libxau-1.0.12-hb03c661_1.conda
      - conda: https://conda.anaconda.org/conda-forge/linux-64/xorg-libxdmcp-1.1.5-hb03c661_1.conda
      - conda: https://conda.anaconda.org/conda-forge/linux-64/xorg-libxext-1.3.4-h0b41bf4_2.conda
      - conda: https://conda.anaconda.org/conda-forge/linux-64/xorg-libxrender-0.9.11-hd590300_0.conda
      - conda: https://conda.anaconda.org/conda-forge/linux-64/xorg-renderproto-0.11.1-hb9d3cd8_1003.conda
      - conda: https://conda.anaconda.org/conda-forge/linux-64/xorg-xextproto-7.3.0-hb9d3cd8_1004.conda
      - conda: https://conda.anaconda.org/conda-forge/linux-64/xorg-xproto-7.0.31-hb9d3cd8_1008.conda
      - conda: https://conda.anaconda.org/conda-forge/linux-64/xz-5.8.2-ha02ee65_0.conda
      - conda: https://conda.anaconda.org/conda-forge/linux-64/xz-gpl-tools-5.8.2-ha02ee65_0.conda
      - conda: https://conda.anaconda.org/conda-forge/linux-64/xz-tools-5.8.2-hb03c661_0.conda
      - conda: https://conda.anaconda.org/conda-forge/linux-64/zlib-1.2.13-h4ab18f5_6.conda
      - conda: https://conda.anaconda.org/conda-forge/linux-64/zstd-1.5.6-ha6fb4c9_0.conda
packages:
- conda: https://conda.anaconda.org/conda-forge/linux-64/_openmp_mutex-4.5-20_gnu.conda
  build_number: 20
  sha256: 1dd3fffd892081df9726d7eb7e0dea6198962ba775bd88842135a4ddb4deb3c9
  md5: a9f577daf3de00bca7c3c76c0ecbd1de
  depends:
  - __glibc >=2.17,<3.0.a0
  - libgomp >=7.5.0
  constrains:
  - openmp_impl <0.0a0
  license: BSD-3-Clause
  license_family: BSD
  size: 28948
  timestamp: 1770939786096
- conda: https://conda.anaconda.org/conda-forge/linux-64/boost-1.72.0-py38h1e42940_1.tar.bz2
  sha256: 7bd297aa9d47ad835a152357a5be4531e2a1e38f4832fb1cfbd0b598f51a0ce5
  md5: 0b12aad04ac2d094de67d4063664496a
  depends:
  - boost-cpp 1.72.0.*
  - libgcc-ng >=7.5.0
  - libstdcxx-ng >=7.5.0
  - numpy >=1.16.5,<2.0a0
  - python >=3.8,<3.9.0a0
  - python_abi 3.8.* *_cp38
  license: LicenseRef-Boost-1.0
  size: 367260
  timestamp: 1602609150253
- conda: https://conda.anaconda.org/conda-forge/linux-64/boost-cpp-1.72.0-h312852a_5.tar.bz2
  sha256: f421a0ea6a109876858a4e34ead377d9448db1a4e6235ef558471fbc73fd65af
  md5: 22486bff0cae71aa81df02d4ecbf3bc1
  depends:
  - bzip2 >=1.0.8,<2.0a0
  - icu >=68.1,<69.0a0
  - libgcc-ng >=9.3.0
  - libstdcxx-ng >=9.3.0
  - xz >=5.2.5,<6.0.0a0
  - zstd >=1.5.0,<1.6.0a0
  constrains:
  - libboost <0
  license: BSL-1.0
  size: 17121599
  timestamp: 1621243781390
- conda: https://conda.anaconda.org/conda-forge/linux-64/bzip2-1.0.8-hda65f42_9.conda
  sha256: 0b75d45f0bba3e95dc693336fa51f40ea28c980131fec438afb7ce6118ed05f6
  md5: d2ffd7602c02f2b316fd921d39876885
  depends:
  - __glibc >=2.17,<3.0.a0
  - libgcc >=14
  license: bzip2-1.0.6
  license_family: BSD
  size: 260182
  timestamp: 1771350215188
- conda: https://conda.anaconda.org/conda-forge/noarch/ca-certificates-2026.1.4-hbd8a1cb_0.conda
  sha256: b5974ec9b50e3c514a382335efa81ed02b05906849827a34061c496f4defa0b2
  md5: bddacf101bb4dd0e51811cb69c7790e2
  depends:
  - __unix
  license: ISC
  size: 146519
  timestamp: 1767500828366
- conda: https://conda.anaconda.org/conda-forge/linux-64/cairo-1.16.0-h6cf1ce9_1008.tar.bz2
  sha256: f740f111868c26a5ba316955bf6dfab9dc338b2141b1b40095e0986399d2e31f
  md5: a43fb47d15e116f8be4be7e6b17ab59f
  depends:
  - fontconfig >=2.13.1,<3.0a0
  - freetype >=2.10.4,<3.0a0
  - icu >=68.1,<69.0a0
  - libgcc-ng >=9.3.0
  - libglib >=2.68.0,<3.0a0
  - libpng >=1.6.37,<1.7.0a0
  - libxcb
  - pixman >=0.40.0,<1.0a0
  - xorg-libice
  - xorg-libsm
  - xorg-libx11
  - xorg-libxext
  - xorg-libxrender
  - zlib >=1.2.11,<1.3.0a0
  license: LGPL 2.1 or MPL 1.1
  size: 1552607
  timestamp: 1616504789
- conda: https://conda.anaconda.org/conda-forge/linux-64/expat-2.7.4-hecca717_0.conda
  sha256: 0cc345e4dead417996ce9a1f088b28d858f03d113d43c1963d29194366dcce27
  md5: a0535741a4934b3e386051065c58761a
  depends:
  - __glibc >=2.17,<3.0.a0
  - libexpat 2.7.4 hecca717_0
  - libgcc >=14
  license: MIT
  license_family: MIT
  size: 145274
  timestamp: 1771259434699
- conda: https://conda.anaconda.org/conda-forge/linux-64/fontconfig-2.14.2-h14ed4e7_0.conda
  sha256: 155d534c9037347ea7439a2c6da7c24ffec8e5dd278889b4c57274a1d91e0a83
  md5: 0f69b688f52ff6da70bccb7ff7001d1d
  depends:
  - expat >=2.5.0,<3.0a0
  - freetype >=2.12.1,<3.0a0
  - libgcc-ng >=12
  - libuuid >=2.32.1,<3.0a0
  - libzlib >=1.2.13,<2.0.0a0
  license: MIT
  license_family: MIT
  size: 272010
  timestamp: 1674828850194
- conda: https://conda.anaconda.org/conda-forge/linux-64/freetype-2.12.1-h267a509_2.conda
  sha256: b2e3c449ec9d907dd4656cb0dc93e140f447175b125a3824b31368b06c666bb6
  md5: 9ae35c3d96db2c94ce0cef86efdfa2cb
  depends:
  - libgcc-ng >=12
  - libpng >=1.6.39,<1.7.0a0
  - libzlib >=1.2.13,<2.0.0a0
  license: GPL-2.0-only OR FTL
  size: 634972
  timestamp: 1694615932610
- conda: https://conda.anaconda.org/conda-forge/linux-64/icu-68.2-h9c3ff4c_0.tar.bz2
  sha256: 8b39b408cc8b1450454ac8bb7bf7b56ca8b787fbfc26c767a21d5df57dffeab7
  md5: 6618c9b191638993f2a818c6529e1b49
  depends:
  - libgcc-ng >=9.4.0
  - libstdcxx-ng >=9.4.0
  license: MIT
  license_family: MIT
  size: 13771169
  timestamp: 1635409367840
- conda: https://conda.anaconda.org/conda-forge/linux-64/lcms2-2.16-hb7c19ff_0.conda
  sha256: 5c878d104b461b7ef922abe6320711c0d01772f4cd55de18b674f88547870041
  md5: 51bb7010fc86f70eee639b4bb7a894f5
  depends:
  - libgcc-ng >=12
  - libjpeg-turbo >=3.0.0,<4.0a0
  - libtiff >=4.6.0,<4.8.0a0
  license: MIT
  license_family: MIT
  size: 245247
  timestamp: 1701647787198
- conda: https://conda.anaconda.org/conda-forge/linux-64/ld_impl_linux-64-2.45.1-bootstrap_ha15bf96_1.conda
  sha256: 775b7c550d17e19349b81666c5faf1196ae0374f7e4d782ff4917a450b1888c7
  md5: 1ac7b5a830874fb2a580faa9bff8189f
  depends:
  - __glibc >=2.17,<3.0.a0
  constrains:
  - binutils_impl_linux-64 2.45.1
  license: GPL-3.0-only
  license_family: GPL
  size: 725846
  timestamp: 1770267125391
- conda: https://conda.anaconda.org/conda-forge/linux-64/lerc-4.0.0-h0aef613_1.conda
  sha256: 412381a43d5ff9bbed82cd52a0bbca5b90623f62e41007c9c42d3870c60945ff
  md5: 9344155d33912347b37f0ae6c410a835
  depends:
  - __glibc >=2.17,<3.0.a0
  - libgcc >=13
  - libstdcxx >=13
  license: Apache-2.0
  license_family: Apache
  size: 264243
  timestamp: 1745264221534
- conda: https://conda.anaconda.org/conda-forge/linux-64/libblas-3.11.0-5_h4a7cf45_openblas.conda
  build_number: 5
  sha256: 18c72545080b86739352482ba14ba2c4815e19e26a7417ca21a95b76ec8da24c
  md5: c160954f7418d7b6e87eaf05a8913fa9
  depends:
  - libopenblas >=0.3.30,<0.3.31.0a0
  - libopenblas >=0.3.30,<1.0a0
  constrains:
  - mkl <2026
  - liblapack  3.11.0   5*_openblas
  - libcblas   3.11.0   5*_openblas
  - blas 2.305   openblas
  - liblapacke 3.11.0   5*_openblas
  license: BSD-3-Clause
  license_family: BSD
  size: 18213
  timestamp: 1765818813880
- conda: https://conda.anaconda.org/conda-forge/linux-64/libcblas-3.11.0-5_h0358290_openblas.conda
  build_number: 5
  sha256: 0cbdcc67901e02dc17f1d19e1f9170610bd828100dc207de4d5b6b8ad1ae7ad8
  md5: 6636a2b6f1a87572df2970d3ebc87cc0
  depends:
  - libblas 3.11.0 5_h4a7cf45_openblas
  constrains:
  - liblapacke 3.11.0   5*_openblas
  - blas 2.305   openblas
  - liblapack  3.11.0   5*_openblas
  license: BSD-3-Clause
  license_family: BSD
  size: 18194
  timestamp: 1765818837135
- conda: https://conda.anaconda.org/conda-forge/linux-64/libdeflate-1.20-hd590300_0.conda
  sha256: f8e0f25c382b1d0b87a9b03887a34dbd91485453f1ea991fef726dba57373612
  md5: 8e88f9389f1165d7c0936fe40d9a9a79
  depends:
  - libgcc-ng >=12
  license: MIT
  license_family: MIT
  size: 71500
  timestamp: 1711196523408
- conda: https://conda.anaconda.org/conda-forge/linux-64/libexpat-2.7.4-hecca717_0.conda
  sha256: d78f1d3bea8c031d2f032b760f36676d87929b18146351c4464c66b0869df3f5
  md5: e7f7ce06ec24cfcfb9e36d28cf82ba57
  depends:
  - __glibc >=2.17,<3.0.a0
  - libgcc >=14
  constrains:
  - expat 2.7.4.*
  license: MIT
  license_family: MIT
  size: 76798
  timestamp: 1771259418166
- conda: https://conda.anaconda.org/conda-forge/linux-64/libffi-3.5.2-h3435931_0.conda
  sha256: 31f19b6a88ce40ebc0d5a992c131f57d919f73c0b92cd1617a5bec83f6e961e6
  md5: a360c33a5abe61c07959e449fa1453eb
  depends:
  - __glibc >=2.17,<3.0.a0
  - libgcc >=14
  license: MIT
  license_family: MIT
  size: 58592
  timestamp: 1769456073053
- conda: https://conda.anaconda.org/conda-forge/linux-64/libgcc-15.2.0-he0feb66_18.conda
  sha256: faf7d2017b4d718951e3a59d081eb09759152f93038479b768e3d612688f83f5
  md5: 0aa00f03f9e39fb9876085dee11a85d4
  depends:
  - __glibc >=2.17,<3.0.a0
  - _openmp_mutex >=4.5
  constrains:
  - libgcc-ng ==15.2.0=*_18
  - libgomp 15.2.0 he0feb66_18
  license: GPL-3.0-only WITH GCC-exception-3.1
  license_family: GPL
  size: 1041788
  timestamp: 1771378212382
- conda: https://conda.anaconda.org/conda-forge/linux-64/libgcc-ng-15.2.0-h69a702a_18.conda
  sha256: e318a711400f536c81123e753d4c797a821021fb38970cebfb3f454126016893
  md5: d5e96b1ed75ca01906b3d2469b4ce493
  depends:
  - libgcc 15.2.0 he0feb66_18
  license: GPL-3.0-only WITH GCC-exception-3.1
  license_family: GPL
  size: 27526
  timestamp: 1771378224552
- conda: https://conda.anaconda.org/conda-forge/linux-64/libgfortran-15.2.0-h69a702a_18.conda
  sha256: d2c9fad338fd85e4487424865da8e74006ab2e2475bd788f624d7a39b2a72aee
  md5: 9063115da5bc35fdc3e1002e69b9ef6e
  depends:
  - libgfortran5 15.2.0 h68bc16d_18
  constrains:
  - libgfortran-ng ==15.2.0=*_18
  license: GPL-3.0-only WITH GCC-exception-3.1
  license_family: GPL
  size: 27523
  timestamp: 1771378269450
- conda: https://conda.anaconda.org/conda-forge/linux-64/libgfortran5-15.2.0-h68bc16d_18.conda
  sha256: 539b57cf50ec85509a94ba9949b7e30717839e4d694bc94f30d41c9d34de2d12
  md5: 646855f357199a12f02a87382d429b75
  depends:
  - __glibc >=2.17,<3.0.a0
  - libgcc >=15.2.0
  constrains:
  - libgfortran 15.2.0
  license: GPL-3.0-only WITH GCC-exception-3.1
  license_family: GPL
  size: 2482475
  timestamp: 1771378241063
- conda: https://conda.anaconda.org/conda-forge/linux-64/libglib-2.80.2-hf974151_0.conda
  sha256: 93e03b6cf4765bc06d64fa3dac65f22c53ae4a30247bb0e2dea0bd9c47a3fb26
  md5: 72724f6a78ecb15559396966226d5838
  depends:
  - libffi >=3.4,<4.0a0
  - libgcc-ng >=12
  - libiconv >=1.17,<2.0a0
  - libzlib >=1.2.13,<2.0.0a0
  - pcre2 >=10.43,<10.44.0a0
  constrains:
  - glib 2.80.2 *_0
  license: LGPL-2.1-or-later
  size: 3912673
  timestamp: 1715252654366
- conda: https://conda.anaconda.org/conda-forge/linux-64/libgomp-15.2.0-he0feb66_18.conda
  sha256: 21337ab58e5e0649d869ab168d4e609b033509de22521de1bfed0c031bfc5110
  md5: 239c5e9546c38a1e884d69effcf4c882
  depends:
  - __glibc >=2.17,<3.0.a0
  license: GPL-3.0-only WITH GCC-exception-3.1
  license_family: GPL
  size: 603262
  timestamp: 1771378117851
- conda: https://conda.anaconda.org/conda-forge/linux-64/libiconv-1.18-h3b78370_2.conda
  sha256: c467851a7312765447155e071752d7bf9bf44d610a5687e32706f480aad2833f
  md5: 915f5995e94f60e9a4826e0b0920ee88
  depends:
  - __glibc >=2.17,<3.0.a0
  - libgcc >=14
  license: LGPL-2.1-only
  size: 790176
  timestamp: 1754908768807
- conda: https://conda.anaconda.org/conda-forge/linux-64/libjpeg-turbo-3.1.2-hb03c661_0.conda
  sha256: cc9aba923eea0af8e30e0f94f2ad7156e2984d80d1e8e7fe6be5a1f257f0eb32
  md5: 8397539e3a0bbd1695584fb4f927485a
  depends:
  - __glibc >=2.17,<3.0.a0
  - libgcc >=14
  constrains:
  - jpeg <0.0.0a
  license: IJG AND BSD-3-Clause AND Zlib
  size: 633710
  timestamp: 1762094827865
- conda: https://conda.anaconda.org/conda-forge/linux-64/liblapack-3.11.0-5_h47877c9_openblas.conda
  build_number: 5
  sha256: c723b6599fcd4c6c75dee728359ef418307280fa3e2ee376e14e85e5bbdda053
  md5: b38076eb5c8e40d0106beda6f95d7609
  depends:
  - libblas 3.11.0 5_h4a7cf45_openblas
  constrains:
  - blas 2.305   openblas
  - liblapacke 3.11.0   5*_openblas
  - libcblas   3.11.0   5*_openblas
  license: BSD-3-Clause
  license_family: BSD
  size: 18200
  timestamp: 1765818857876
- conda: https://conda.anaconda.org/conda-forge/linux-64/liblzma-5.8.2-hb03c661_0.conda
  sha256: 755c55ebab181d678c12e49cced893598f2bab22d582fbbf4d8b83c18be207eb
  md5: c7c83eecbb72d88b940c249af56c8b17
  depends:
  - __glibc >=2.17,<3.0.a0
  - libgcc >=14
  constrains:
  - xz 5.8.2.*
  license: 0BSD
  size: 113207
  timestamp: 1768752626120
- conda: https://conda.anaconda.org/conda-forge/linux-64/liblzma-devel-5.8.2-hb03c661_0.conda
  sha256: dd246f80c9c1c27b87e586c33cf36db9340fb8078e9b805429063c2af54d34a4
  md5: de60549ba9d8921dff3afa4b179e2a4b
  depends:
  - __glibc >=2.17,<3.0.a0
  - libgcc >=14
  - liblzma 5.8.2 hb03c661_0
  license: 0BSD
  size: 465085
  timestamp: 1768752643506
- conda: https://conda.anaconda.org/conda-forge/linux-64/libnsl-2.0.1-hb9d3cd8_1.conda
  sha256: 927fe72b054277cde6cb82597d0fcf6baf127dcbce2e0a9d8925a68f1265eef5
  md5: d864d34357c3b65a4b731f78c0801dc4
  depends:
  - __glibc >=2.17,<3.0.a0
  - libgcc >=13
  license: LGPL-2.1-only
  license_family: GPL
  size: 33731
  timestamp: 1750274110928
- conda: https://conda.anaconda.org/conda-forge/linux-64/libopenblas-0.3.30-pthreads_h94d23a6_4.conda
  sha256: 199d79c237afb0d4780ccd2fbf829cea80743df60df4705202558675e07dd2c5
  md5: be43915efc66345cccb3c310b6ed0374
  depends:
  - __glibc >=2.17,<3.0.a0
  - libgcc >=14
  - libgfortran
  - libgfortran5 >=14.3.0
  constrains:
  - openblas >=0.3.30,<0.3.31.0a0
  license: BSD-3-Clause
  license_family: BSD
  size: 5927939
  timestamp: 1763114673331
- conda: https://conda.anaconda.org/conda-forge/linux-64/libpng-1.6.43-h2797004_0.conda
  sha256: 502f6ff148ac2777cc55ae4ade01a8fc3543b4ffab25c4e0eaa15f94e90dd997
  md5: 009981dd9cfcaa4dbfa25ffaed86bcae
  depends:
  - libgcc-ng >=12
  - libzlib >=1.2.13,<2.0.0a0
  license: zlib-acknowledgement
  size: 288221
  timestamp: 1708780443939
- conda: https://conda.anaconda.org/conda-forge/linux-64/libsqlite-3.46.0-hde9e2c9_0.conda
  sha256: daee3f68786231dad457d0dfde3f7f1f9a7f2018adabdbb864226775101341a8
  md5: 18aa975d2094c34aef978060ae7da7d8
  depends:
  - libgcc-ng >=12
  - libzlib >=1.2.13,<2.0a0
  license: Unlicense
  size: 865346
  timestamp: 1718050628718
- conda: https://conda.anaconda.org/conda-forge/linux-64/libstdcxx-15.2.0-h934c35e_18.conda
  sha256: 78668020064fdaa27e9ab65cd2997e2c837b564ab26ce3bf0e58a2ce1a525c6e
  md5: 1b08cd684f34175e4514474793d44bcb
  depends:
  - __glibc >=2.17,<3.0.a0
  - libgcc 15.2.0 he0feb66_18
  constrains:
  - libstdcxx-ng ==15.2.0=*_18
  license: GPL-3.0-only WITH GCC-exception-3.1
  license_family: GPL
  size: 5852330
  timestamp: 1771378262446
- conda: https://conda.anaconda.org/conda-forge/linux-64/libstdcxx-ng-15.2.0-hdf11a46_18.conda
  sha256: 3c902ffd673cb3c6ddde624cdb80f870b6c835f8bf28384b0016e7d444dd0145
  md5: 6235adb93d064ecdf3d44faee6f468de
  depends:
  - libstdcxx 15.2.0 h934c35e_18
  license: GPL-3.0-only WITH GCC-exception-3.1
  license_family: GPL
  size: 27575
  timestamp: 1771378314494
- conda: https://conda.anaconda.org/conda-forge/linux-64/libtiff-4.6.0-h1dd3fc0_3.conda
  sha256: fc3b210f9584a92793c07396cb93e72265ff3f1fa7ca629128bf0a50d5cb15e4
  md5: 66f03896ffbe1a110ffda05c7a856504
  depends:
  - lerc >=4.0.0,<5.0a0
  - libdeflate >=1.20,<1.21.0a0
  - libgcc-ng >=12
  - libjpeg-turbo >=3.0.0,<4.0a0
  - libstdcxx-ng >=12
  - libwebp-base >=1.3.2,<2.0a0
  - libzlib >=1.2.13,<2.0.0a0
  - xz >=5.2.6,<6.0a0
  - zstd >=1.5.5,<1.6.0a0
  license: HPND
  size: 282688
  timestamp: 1711217970425
- conda: https://conda.anaconda.org/conda-forge/linux-64/libuuid-2.41.3-h5347b49_0.conda
  sha256: 1a7539cfa7df00714e8943e18de0b06cceef6778e420a5ee3a2a145773758aee
  md5: db409b7c1720428638e7c0d509d3e1b5
  depends:
  - __glibc >=2.17,<3.0.a0
  - libgcc >=14
  license: BSD-3-Clause
  license_family: BSD
  size: 40311
  timestamp: 1766271528534
- conda: https://conda.anaconda.org/conda-forge/linux-64/libwebp-base-1.6.0-hd42ef1d_0.conda
  sha256: 3aed21ab28eddffdaf7f804f49be7a7d701e8f0e46c856d801270b470820a37b
  md5: aea31d2e5b1091feca96fcfe945c3cf9
  depends:
  - __glibc >=2.17,<3.0.a0
  - libgcc >=14
  constrains:
  - libwebp 1.6.0
  license: BSD-3-Clause
  license_family: BSD
  size: 429011
  timestamp: 1752159441324
- conda: https://conda.anaconda.org/conda-forge/linux-64/libxcb-1.15-h0b41bf4_0.conda
  sha256: a670902f0a3173a466c058d2ac22ca1dd0df0453d3a80e0212815c20a16b0485
  md5: 33277193f5b92bad9fdd230eb700929c
  depends:
  - libgcc-ng >=12
  - pthread-stubs
  - xorg-libxau
  - xorg-libxdmcp
  license: MIT
  license_family: MIT
  size: 384238
  timestamp: 1682082368177
- conda: https://conda.anaconda.org/conda-forge/linux-64/libxcrypt-4.4.36-hd590300_1.conda
  sha256: 6ae68e0b86423ef188196fff6207ed0c8195dd84273cb5623b85aa08033a410c
  md5: 5aa797f8787fe7a17d1b0821485b5adc
  depends:
  - libgcc-ng >=12
  license: LGPL-2.1-or-later
  size: 100393
  timestamp: 1702724383534
- conda: https://conda.anaconda.org/conda-forge/linux-64/libzlib-1.2.13-h4ab18f5_6.conda
  sha256: 8ced4afed6322172182af503f21725d072a589a6eb918f8a58135c1e00d35980
  md5: 27329162c0dc732bcf67a4e0cd488125
  depends:
  - libgcc-ng >=12
  constrains:
  - zlib 1.2.13 *_6
  license: Zlib
  license_family: Other
  size: 61571
  timestamp: 1716874066944
- conda: https://conda.anaconda.org/conda-forge/linux-64/ncurses-6.5-h2d0b736_3.conda
  sha256: 3fde293232fa3fca98635e1167de6b7c7fda83caf24b9d6c91ec9eefb4f4d586
  md5: 47e340acb35de30501a76c7c799c41d7
  depends:
  - __glibc >=2.17,<3.0.a0
  - libgcc >=13
  license: X11 AND BSD-3-Clause
  size: 891641
  timestamp: 1738195959188
- conda: https://conda.anaconda.org/conda-forge/linux-64/numpy-1.21.6-py38h1d589f8_0.tar.bz2
  sha256: 1f00445dab9e87bc18acf3d5af0a827c6301db4d4e8f388bd09ed207505fd1e7
  md5: 7013c94bf279792bda2c3da46beb73e4
  depends:
  - libblas >=3.8.0,<4.0a0
  - libcblas >=3.8.0,<4.0a0
  - libgcc-ng >=10.3.0
  - liblapack >=3.8.0,<4.0a0
  - libstdcxx-ng >=10.3.0
  - python >=3.8,<3.9.0a0
  - python_abi 3.8.* *_cp38
  constrains:
  - numpy-base <0a0
  license: BSD-3-Clause
  license_family: BSD
  size: 6484695
  timestamp: 1649806579949
- conda: https://conda.anaconda.org/conda-forge/linux-64/openjpeg-2.5.2-h488ebb8_0.conda
  sha256: 5600a0b82df042bd27d01e4e687187411561dfc11cc05143a08ce29b64bf2af2
  md5: 7f2e286780f072ed750df46dc2631138
  depends:
  - libgcc-ng >=12
  - libpng >=1.6.43,<1.7.0a0
  - libstdcxx-ng >=12
  - libtiff >=4.6.0,<4.8.0a0
  - libzlib >=1.2.13,<2.0.0a0
  license: BSD-2-Clause
  license_family: BSD
  size: 341592
  timestamp: 1709159244431
- conda: https://conda.anaconda.org/conda-forge/linux-64/openssl-3.6.1-h35e630c_1.conda
  sha256: 44c877f8af015332a5d12f5ff0fb20ca32f896526a7d0cdb30c769df1144fb5c
  md5: f61eb8cd60ff9057122a3d338b99c00f
  depends:
  - __glibc >=2.17,<3.0.a0
  - ca-certificates
  - libgcc >=14
  license: Apache-2.0
  license_family: Apache
  size: 3164551
  timestamp: 1769555830639
- conda: https://conda.anaconda.org/conda-forge/linux-64/pandas-2.0.3-py38h01efb38_1.conda
  sha256: e87c6778fcf774c38c155e289190c45fec32c33046897b350adb892359ba87d3
  md5: 01a2b6144e65631e2fe24e569d0738ee
  depends:
  - libgcc-ng >=12
  - libstdcxx-ng >=12
  - numpy >=1.21.6,<2.0a0
  - python >=3.8,<3.9.0a0
  - python-dateutil >=2.8.1
  - python-tzdata >=2022a
  - python_abi 3.8.* *_cp38
  - pytz >=2020.1
  license: BSD-3-Clause
  license_family: BSD
  size: 12383743
  timestamp: 1688741243151
- conda: https://conda.anaconda.org/conda-forge/linux-64/pcre2-10.43-hcad00b1_0.conda
  sha256: 766dd986a7ed6197676c14699000bba2625fd26c8a890fcb7a810e5cf56155bc
  md5: 8292dea9e022d9610a11fce5e0896ed8
  depends:
  - bzip2 >=1.0.8,<2.0a0
  - libgcc-ng >=12
  - libzlib >=1.2.13,<2.0.0a0
  license: BSD-3-Clause
  license_family: BSD
  size: 950847
  timestamp: 1708118050286
- conda: https://conda.anaconda.org/conda-forge/linux-64/pillow-10.3.0-py38h9e66945_0.conda
  sha256: b44195d022fa378808397b29406447f0a9e0e4486d03a8a97f014e8f78b091a5
  md5: 06a7c758cf349a5bf24989f179bb504e
  depends:
  - freetype >=2.12.1,<3.0a0
  - lcms2 >=2.16,<3.0a0
  - libgcc-ng >=12
  - libjpeg-turbo >=3.0.0,<4.0a0
  - libtiff >=4.6.0,<4.8.0a0
  - libwebp-base >=1.3.2,<2.0a0
  - libxcb >=1.15,<1.16.0a0
  - libzlib >=1.2.13,<2.0.0a0
  - openjpeg >=2.5.2,<3.0a0
  - python >=3.8,<3.9.0a0
  - python_abi 3.8.* *_cp38
  - tk >=8.6.13,<8.7.0a0
  license: HPND
  size: 42314111
  timestamp: 1712154579877
- conda: https://conda.anaconda.org/conda-forge/noarch/pip-24.3.1-pyh8b19718_0.conda
  sha256: 499313e72e20225f84c2e9690bbaf5b952c8d7e0bf34b728278538f766b81628
  md5: 5dd546fe99b44fda83963d15f84263b7
  depends:
  - python >=3.8,<3.13.0a0
  - setuptools
  - wheel
  license: MIT
  license_family: MIT
  size: 1243168
  timestamp: 1730203795600
- conda: https://conda.anaconda.org/conda-forge/linux-64/pixman-0.46.4-h54a6638_1.conda
  sha256: 43d37bc9ca3b257c5dd7bf76a8426addbdec381f6786ff441dc90b1a49143b6a
  md5: c01af13bdc553d1a8fbfff6e8db075f0
  depends:
  - libgcc >=14
  - libstdcxx >=14
  - libgcc >=14
  - __glibc >=2.17,<3.0.a0
  license: MIT
  license_family: MIT
  size: 450960
  timestamp: 1754665235234
- conda: https://conda.anaconda.org/conda-forge/linux-64/pthread-stubs-0.4-hb9d3cd8_1002.conda
  sha256: 9c88f8c64590e9567c6c80823f0328e58d3b1efb0e1c539c0315ceca764e0973
  md5: b3c17d95b5a10c6e64a21fa17573e70e
  depends:
  - __glibc >=2.17,<3.0.a0
  - libgcc >=13
  license: MIT
  license_family: MIT
  size: 8252
  timestamp: 1726802366959
- conda: https://conda.anaconda.org/conda-forge/linux-64/pycairo-1.25.0-py38h1a1917b_1.conda
  sha256: bb27cc26ab8bbf45ee07f9312c8950234c97d83c04d834b8c7ecfc36e67e20a2
  md5: 050d3c2084cc9239a9a2f82b1c43920a
  depends:
  - cairo >=1.16.0,<2.0a0
  - libgcc-ng >=12
  - python >=3.8,<3.9.0a0
  - python_abi 3.8.* *_cp38
  license: LGPL-2.1-only OR MPL-1.1
  size: 115057
  timestamp: 1696215147807
- conda: https://conda.anaconda.org/conda-forge/linux-64/python-3.8.19-hd12c33a_0_cpython.conda
  sha256: 71899083b05d7f489887b029387c0588e353b9c461f74ebf864c0620586108ba
  md5: 53aabe8cf596487ec6f1ce319c93a741
  depends:
  - bzip2 >=1.0.8,<2.0a0
  - ld_impl_linux-64 >=2.36.1
  - libffi >=3.4,<4.0a0
  - libgcc-ng >=12
  - libnsl >=2.0.1,<2.1.0a0
  - libsqlite >=3.45.2,<4.0a0
  - libuuid >=2.38.1,<3.0a0
  - libxcrypt >=4.4.36
  - libzlib >=1.2.13,<2.0.0a0
  - ncurses >=6.4.20240210,<7.0a0
  - openssl >=3.2.1,<4.0a0
  - readline >=8.2,<9.0a0
  - tk >=8.6.13,<8.7.0a0
  - xz >=5.2.6,<6.0a0
  constrains:
  - python_abi 3.8.* *_cp38
  license: Python-2.0
  size: 22357104
  timestamp: 1710939954552
- conda: https://conda.anaconda.org/conda-forge/noarch/python-dateutil-2.9.0-pyhd8ed1ab_0.conda
  sha256: f3ceef02ac164a8d3a080d0d32f8e2ebe10dd29e3a685d240e38b3599e146320
  md5: 2cf4264fffb9e6eff6031c5b6884d61c
  depends:
  - python >=3.7
  - six >=1.5
  license: Apache-2.0
  license_family: APACHE
  size: 222742
  timestamp: 1709299922152
- conda: https://conda.anaconda.org/conda-forge/noarch/python-tzdata-2024.2-pyhd8ed1ab_0.conda
  sha256: fe3f62ce2bc714bdaa222ab3f0344a2815ad9e853c6df38d15c9f25de8a3a6d4
  md5: 986287f89929b2d629bd6ef6497dc307
  depends:
  - python >=3.6
  license: Apache-2.0
  license_family: APACHE
  size: 142527
  timestamp: 1727140688093
- conda: https://conda.anaconda.org/conda-forge/noarch/python_abi-3.8-8_cp38.conda
  build_number: 8
  sha256: 83c22066a672ce0b16e693c84aa6d5efb68e02eff037a55e047d7095d0fdb5ca
  md5: 4f7b6e3de4f15cc44e0f93b39f07205d
  constrains:
  - python 3.8.* *_cpython
  license: BSD-3-Clause
  license_family: BSD
  size: 6960
  timestamp: 1752805923703
- conda: https://conda.anaconda.org/conda-forge/noarch/pytz-2024.2-pyhd8ed1ab_0.conda
  sha256: 81c16d9183bb4a6780366ce874e567ee5fc903722f85b2f8d1d9479ef1dafcc9
  md5: 260009d03c9d5c0f111904d851f053dc
  depends:
  - python >=3.7
  license: MIT
  license_family: MIT
  size: 186995
  timestamp: 1726055625738
- conda: https://conda.anaconda.org/conda-forge/linux-64/rdkit-2020.03.2-py38h10dae1c_0.tar.bz2
  sha256: d416d22b71c76cf0989b0a58f6066a38a5c2d7e14fec4242a91838293dfcabee
  md5: 16f8dd090fb189c8f798d74822ce289d
  depends:
  - boost >=1.72.0,<1.72.1.0a0
  - cairo >=1.16.0,<2.0.0a0
  - freetype >=2.9.1,<3.0a0
  - libgcc-ng >=7.3.0
  - libstdcxx-ng >=7.3.0
  - numpy >=1.14.6,<2.0a0
  - pandas
  - pillow
  - pycairo
  - python >=3.8,<3.9.0a0
  - python_abi 3.8.* *_cp38
  - six
  license: BSD-3-Clause
  license_family: BSD
  size: 26059605
  timestamp: 1589102468177
- conda: https://conda.anaconda.org/conda-forge/linux-64/readline-8.3-h853b02a_0.conda
  sha256: 12ffde5a6f958e285aa22c191ca01bbd3d6e710aa852e00618fa6ddc59149002
  md5: d7d95fc8287ea7bf33e0e7116d2b95ec
  depends:
  - __glibc >=2.17,<3.0.a0
  - libgcc >=14
  - ncurses >=6.5,<7.0a0
  license: GPL-3.0-only
  license_family: GPL
  size: 345073
  timestamp: 1765813471974
- conda: https://conda.anaconda.org/conda-forge/noarch/setuptools-75.3.0-pyhd8ed1ab_0.conda
  sha256: a36d020b9f32fc3f1a6488a1c4a9c13988c6468faf6895bf30ca69521a61230e
  md5: 2ce9825396daf72baabaade36cee16da
  depends:
  - python >=3.8
  license: MIT
  license_family: MIT
  size: 779561
  timestamp: 1730382173961
- conda: https://conda.anaconda.org/conda-forge/noarch/six-1.16.0-pyh6c4a22f_0.tar.bz2
  sha256: a85c38227b446f42c5b90d9b642f2c0567880c15d72492d8da074a59c8f91dd6
  md5: e5f25f8dbc060e9a8d912e432202afc2
  depends:
  - python
  license: MIT
  license_family: MIT
  size: 14259
  timestamp: 1620240338595
- conda: https://conda.anaconda.org/conda-forge/linux-64/tk-8.6.13-noxft_h4845f30_101.conda
  sha256: e0569c9caa68bf476bead1bed3d79650bb080b532c64a4af7d8ca286c08dea4e
  md5: d453b98d9c83e71da0741bb0ff4d76bc
  depends:
  - libgcc-ng >=12
  - libzlib >=1.2.13,<2.0.0a0
  license: TCL
  license_family: BSD
  size: 3318875
  timestamp: 1699202167581
- conda: https://conda.anaconda.org/conda-forge/noarch/wheel-0.45.1-pyhd8ed1ab_0.conda
  sha256: 24f6851a336a50c53d6b50b142c1654872494a62528d57c3ff40240cbd8b13be
  md5: bdb2f437ce62fd2f1fef9119a37a12d9
  depends:
  - python >=3.8
  license: MIT
  license_family: MIT
  size: 62998
  timestamp: 1732339880578
- conda: https://conda.anaconda.org/conda-forge/linux-64/xorg-kbproto-1.0.7-hb9d3cd8_1003.conda
  sha256: 849555ddf7fee334a5a6be9f159d2931c9d076ffb310a9e75b9124f789049d3e
  md5: e87bfacb110d85e1eb6099c9ed8e7236
  depends:
  - __glibc >=2.17,<3.0.a0
  - libgcc >=13
  license: MIT
  license_family: MIT
  size: 30242
  timestamp: 1726846706299
- conda: https://conda.anaconda.org/conda-forge/linux-64/xorg-libice-1.1.2-hb9d3cd8_0.conda
  sha256: c12396aabb21244c212e488bbdc4abcdef0b7404b15761d9329f5a4a39113c4b
  md5: fb901ff28063514abb6046c9ec2c4a45
  depends:
  - __glibc >=2.17,<3.0.a0
  - libgcc >=13
  license: MIT
  license_family: MIT
  size: 58628
  timestamp: 1734227592886
- conda: https://conda.anaconda.org/conda-forge/linux-64/xorg-libsm-1.2.6-he73a12e_0.conda
  sha256: 277841c43a39f738927145930ff963c5ce4c4dacf66637a3d95d802a64173250
  md5: 1c74ff8c35dcadf952a16f752ca5aa49
  depends:
  - __glibc >=2.17,<3.0.a0
  - libgcc >=13
  - libuuid >=2.38.1,<3.0a0
  - xorg-libice >=1.1.2,<2.0a0
  license: MIT
  license_family: MIT
  size: 27590
  timestamp: 1741896361728
- conda: https://conda.anaconda.org/conda-forge/linux-64/xorg-libx11-1.8.9-h8ee46fc_0.conda
  sha256: 3e53ba247f1ad68353f18aceba5bf8ce87e3dea930de85d36946844a7658c9fb
  md5: 077b6e8ad6a3ddb741fce2496dd01bec
  depends:
  - libgcc-ng >=12
  - libxcb >=1.15,<1.16.0a0
  - xorg-kbproto
  - xorg-xextproto >=7.3.0,<8.0a0
  - xorg-xproto
  license: MIT
  license_family: MIT
  size: 828060
  timestamp: 1712415742569
- conda: https://conda.anaconda.org/conda-forge/linux-64/xorg-libxau-1.0.12-hb03c661_1.conda
  sha256: 6bc6ab7a90a5d8ac94c7e300cc10beb0500eeba4b99822768ca2f2ef356f731b
  md5: b2895afaf55bf96a8c8282a2e47a5de0
  depends:
  - __glibc >=2.17,<3.0.a0
  - libgcc >=14
  license: MIT
  license_family: MIT
  size: 15321
  timestamp: 1762976464266
- conda: https://conda.anaconda.org/conda-forge/linux-64/xorg-libxdmcp-1.1.5-hb03c661_1.conda
  sha256: 25d255fb2eef929d21ff660a0c687d38a6d2ccfbcbf0cc6aa738b12af6e9d142
  md5: 1dafce8548e38671bea82e3f5c6ce22f
  depends:
  - __glibc >=2.17,<3.0.a0
  - libgcc >=14
  license: MIT
  license_family: MIT
  size: 20591
  timestamp: 1762976546182
- conda: https://conda.anaconda.org/conda-forge/linux-64/xorg-libxext-1.3.4-h0b41bf4_2.conda
  sha256: 73e5cfbdff41ef8a844441f884412aa5a585a0f0632ec901da035a03e1fe1249
  md5: 82b6df12252e6f32402b96dacc656fec
  depends:
  - libgcc-ng >=12
  - xorg-libx11 >=1.7.2,<2.0a0
  - xorg-xextproto
  license: MIT
  license_family: MIT
  size: 50143
  timestamp: 1677036907815
- conda: https://conda.anaconda.org/conda-forge/linux-64/xorg-libxrender-0.9.11-hd590300_0.conda
  sha256: 26da4d1911473c965c32ce2b4ff7572349719eaacb88a066db8d968a4132c3f7
  md5: ed67c36f215b310412b2af935bf3e530
  depends:
  - libgcc-ng >=12
  - xorg-libx11 >=1.8.6,<2.0a0
  - xorg-renderproto
  license: MIT
  license_family: MIT
  size: 37770
  timestamp: 1688300707994
- conda: https://conda.anaconda.org/conda-forge/linux-64/xorg-renderproto-0.11.1-hb9d3cd8_1003.conda
  sha256: 54dd934b0e1c942e54759eb13672fd59b7e523fabea6e69a32d5bf483e45b329
  md5: bf90782559bce8447609933a7d45995a
  depends:
  - __glibc >=2.17,<3.0.a0
  - libgcc >=13
  license: MIT
  license_family: MIT
  size: 11867
  timestamp: 1726802820431
- conda: https://conda.anaconda.org/conda-forge/linux-64/xorg-xextproto-7.3.0-hb9d3cd8_1004.conda
  sha256: f302a3f6284ee9ad3b39e45251d7ed15167896564dc33e006077a896fd3458a6
  md5: bc4cd53a083b6720d61a1519a1900878
  depends:
  - __glibc >=2.17,<3.0.a0
  - libgcc >=13
  license: MIT
  license_family: MIT
  size: 30549
  timestamp: 1726846235301
- conda: https://conda.anaconda.org/conda-forge/linux-64/xorg-xproto-7.0.31-hb9d3cd8_1008.conda
  sha256: ea02425c898d6694167952794e9a865e02e14e9c844efb067374f90b9ce8ce33
  md5: a63f5b66876bb1ec734ab4bdc4d11e86
  depends:
  - __glibc >=2.17,<3.0.a0
  - libgcc >=13
  license: MIT
  license_family: MIT
  size: 73315
  timestamp: 1726845753874
- conda: https://conda.anaconda.org/conda-forge/linux-64/xz-5.8.2-ha02ee65_0.conda
  sha256: 6d60b1870bdbbaf098bbc7d69e4f4eccb8a6b5e856c2d0aca3c62c0db97e0863
  md5: d34b831f6d6a9b014eb7cf65f6329bba
  depends:
  - __glibc >=2.17,<3.0.a0
  - libgcc >=14
  - liblzma 5.8.2 hb03c661_0
  - liblzma-devel 5.8.2 hb03c661_0
  - xz-gpl-tools 5.8.2 ha02ee65_0
  - xz-tools 5.8.2 hb03c661_0
  license: 0BSD AND LGPL-2.1-or-later AND GPL-2.0-or-later
  size: 24101
  timestamp: 1768752698238
- conda: https://conda.anaconda.org/conda-forge/linux-64/xz-gpl-tools-5.8.2-ha02ee65_0.conda
  sha256: a4876e9fb124665315aedfe96b1a832e2c26312241061d5f990208aaf380da46
  md5: a159fe1e8200dd67fa88ddea9169d25a
  depends:
  - __glibc >=2.17,<3.0.a0
  - libgcc >=14
  - liblzma 5.8.2 hb03c661_0
  constrains:
  - xz 5.8.2.*
  license: 0BSD AND LGPL-2.1-or-later AND GPL-2.0-or-later
  size: 33774
  timestamp: 1768752679459
- conda: https://conda.anaconda.org/conda-forge/linux-64/xz-tools-5.8.2-hb03c661_0.conda
  sha256: 65c8a236b89a4ad24565a986b7c00b8cb2906af52fd9963730c44ea56a9fde9a
  md5: dfd6129671f782988d665354e7aa269d
  depends:
  - __glibc >=2.17,<3.0.a0
  - libgcc >=14
  - liblzma 5.8.2 hb03c661_0
  constrains:
  - xz 5.8.2.*
  license: 0BSD AND LGPL-2.1-or-later
  size: 96093
  timestamp: 1768752662020
- conda: https://conda.anaconda.org/conda-forge/linux-64/zlib-1.2.13-h4ab18f5_6.conda
  sha256: 534824ea44939f3e59ca8ebb95e3ece6f50f9d2a0e69999fbc692311252ed6ac
  md5: 559d338a4234c2ad6e676f460a093e67
  depends:
  - libgcc-ng >=12
  - libzlib 1.2.13 h4ab18f5_6
  license: Zlib
  license_family: Other
  size: 92883
  timestamp: 1716874088980
- conda: https://conda.anaconda.org/conda-forge/linux-64/zstd-1.5.6-ha6fb4c9_0.conda
  sha256: c558b9cc01d9c1444031bd1ce4b9cff86f9085765f17627a6cd85fc623c8a02b
  md5: 4d056880988120e29d75bfff282e0f45
  depends:
  - libgcc-ng >=12
  - libstdcxx-ng >=12
  - libzlib >=1.2.13,<2.0.0a0
  license: BSD-3-Clause
  license_family: BSD
  size: 554846
  timestamp: 1714722996770
